
Microsoft Visual Studio Solution File, Format Version 12.00
# Visual Studio 15
VisualStudioVersion = 15.0.28307.645
MinimumVisualStudioVersion = 10.0.40219.1
Project("{9A19103F-16F7-4668-BE54-9A1E7A4F7556}") = "DocumentViewer", "DocumentViewer\DocumentViewer.csproj", "{0568D4E3-9C4E-4F6A-9039-502B9207B954}"
EndProject
Global
	GlobalSection(SolutionConfigurationPlatforms) = preSolution
		Debug|Any CPU = Debug|Any CPU
		Release|Any CPU = Release|Any CPU
	EndGlobalSection
	GlobalSection(ProjectConfigurationPlatforms) = postSolution
		{0568D4E3-9C4E-4F6A-9039-502B9207B954}.Debug|Any CPU.ActiveCfg = Debug|Any CPU
		{0568D4E3-9C4E-4F6A-9039-502B9207B954}.Debug|Any CPU.Build.0 = Debug|Any CPU
		{0568D4E3-9C4E-4F6A-9039-502B9207B954}.Release|Any CPU.ActiveCfg = Release|Any CPU
		{0568D4E3-9C4E-4F6A-9039-502B9207B954}.Release|Any CPU.Build.0 = Release|Any CPU
	EndGlobalSection
	GlobalSection(SolutionProperties) = preSolution
		HideSolutionNode = FALSE
	EndGlobalSection
	GlobalSection(ExtensibilityGlobals) = postSolution
		SolutionGuid = {B6919E55-51F2-49A2-A493-24B71EB56E55}
	EndGlobalSection
EndGlobal
